
Microsoft Visual Studio Solution File, Format Version 12.00
# Visual Studio Version 17
VisualStudioVersion = 17.13.35806.99
MinimumVisualStudioVersion = 10.0.40219.1
Project("{FAE04EC0-301F-11D3-BF4B-00C04F79EFBC}") = "WebApp", "WebApp.csproj", "{B6B92728-B118-4658-9A53-C11F6F28CFF6}"
EndProject
Project("{FAE04EC0-301F-11D3-BF4B-00C04F79EFBC}") = "Repositories", "..\Repositories\Repositories.csproj", "{1C97C4EB-3310-41A1-9A05-F71AAD2A73BA}"
EndProject
Project("{FAE04EC0-301F-11D3-BF4B-00C04F79EFBC}") = "BusinessObject", "..\BusinessObject\BusinessObject.csproj", "{7D4D2A56-0A72-4AE2-863B-C0FC84F3408F}"
EndProject
Project("{FAE04EC0-301F-11D3-BF4B-00C04F79EFBC}") = "Ultility", "..\Ultility\Ultility.csproj", "{49481064-03EE-4310-8598-521BFBF72807}"
EndProject
Global
	GlobalSection(SolutionConfigurationPlatforms) = preSolution
		Debug|Any CPU = Debug|Any CPU
		Release|Any CPU = Release|Any CPU
	EndGlobalSection
	GlobalSection(ProjectConfigurationPlatforms) = postSolution
		{B6B92728-B118-4658-9A53-C11F6F28CFF6}.Debug|Any CPU.ActiveCfg = Debug|Any CPU
		{B6B92728-B118-4658-9A53-C11F6F28CFF6}.Debug|Any CPU.Build.0 = Debug|Any CPU
		{B6B92728-B118-4658-9A53-C11F6F28CFF6}.Release|Any CPU.ActiveCfg = Release|Any CPU
		{B6B92728-B118-4658-9A53-C11F6F28CFF6}.Release|Any CPU.Build.0 = Release|Any CPU
		{1C97C4EB-3310-41A1-9A05-F71AAD2A73BA}.Debug|Any CPU.ActiveCfg = Debug|Any CPU
		{1C97C4EB-3310-41A1-9A05-F71AAD2A73BA}.Debug|Any CPU.Build.0 = Debug|Any CPU
		{1C97C4EB-3310-41A1-9A05-F71AAD2A73BA}.Release|Any CPU.ActiveCfg = Release|Any CPU
		{1C97C4EB-3310-41A1-9A05-F71AAD2A73BA}.Release|Any CPU.Build.0 = Release|Any CPU
		{7D4D2A56-0A72-4AE2-863B-C0FC84F3408F}.Debug|Any CPU.ActiveCfg = Debug|Any CPU
		{7D4D2A56-0A72-4AE2-863B-C0FC84F3408F}.Debug|Any CPU.Build.0 = Debug|Any CPU
		{7D4D2A56-0A72-4AE2-863B-C0FC84F3408F}.Release|Any CPU.ActiveCfg = Release|Any CPU
		{7D4D2A56-0A72-4AE2-863B-C0FC84F3408F}.Release|Any CPU.Build.0 = Release|Any CPU
		{49481064-03EE-4310-8598-521BFBF72807}.Debug|Any CPU.ActiveCfg = Debug|Any CPU
		{49481064-03EE-4310-8598-521BFBF72807}.Debug|Any CPU.Build.0 = Debug|Any CPU
		{49481064-03EE-4310-8598-521BFBF72807}.Release|Any CPU.ActiveCfg = Release|Any CPU
		{49481064-03EE-4310-8598-521BFBF72807}.Release|Any CPU.Build.0 = Release|Any CPU
	EndGlobalSection
	GlobalSection(SolutionProperties) = preSolution
		HideSolutionNode = FALSE
	EndGlobalSection
	GlobalSection(ExtensibilityGlobals) = postSolution
		SolutionGuid = {D742ACF4-D1C0-4AFC-975D-D6833C23702D}
	EndGlobalSection
EndGlobal
