
Microsoft Visual Studio Solution File, Format Version 12.00
# Visual Studio Version 17
VisualStudioVersion = 17.13.35806.99 d17.13
MinimumVisualStudioVersion = 10.0.40219.1
Project("{FAE04EC0-301F-11D3-BF4B-00C04F79EFBC}") = "WebApp", "WebApp.csproj", "{B6B92728-B118-4658-9A53-C11F6F28CFF6}"
EndProject
Project("{FAE04EC0-301F-11D3-BF4B-00C04F79EFBC}") = "RestaurantRepositories", "..\..\SP25_PRN222_RESTAURANT\RestaurantRepositories\RestaurantRepositories.csproj", "{CC1284B7-FBD8-D0EE-BAEF-6E88CF346AFC}"
EndProject
Project("{FAE04EC0-301F-11D3-BF4B-00C04F79EFBC}") = "RestaurantBusiness", "..\..\SP25_PRN222_RESTAURANT\RestaurantBusiness\RestaurantBusiness.csproj", "{79B80F00-45BE-0ABF-5ED1-0AF8952215F2}"
EndProject
Project("{FAE04EC0-301F-11D3-BF4B-00C04F79EFBC}") = "Utility", "..\..\..\C#\GreenCloset\Utility\Utility.csproj", "{7483FC98-0A9D-60DB-055D-5670E7B458E7}"
EndProject
Global
	GlobalSection(SolutionConfigurationPlatforms) = preSolution
		Debug|Any CPU = Debug|Any CPU
		Release|Any CPU = Release|Any CPU
	EndGlobalSection
	GlobalSection(ProjectConfigurationPlatforms) = postSolution
		{B6B92728-B118-4658-9A53-C11F6F28CFF6}.Debug|Any CPU.ActiveCfg = Debug|Any CPU
		{B6B92728-B118-4658-9A53-C11F6F28CFF6}.Debug|Any CPU.Build.0 = Debug|Any CPU
		{B6B92728-B118-4658-9A53-C11F6F28CFF6}.Release|Any CPU.ActiveCfg = Release|Any CPU
		{B6B92728-B118-4658-9A53-C11F6F28CFF6}.Release|Any CPU.Build.0 = Release|Any CPU
		{CC1284B7-FBD8-D0EE-BAEF-6E88CF346AFC}.Debug|Any CPU.ActiveCfg = Debug|Any CPU
		{CC1284B7-FBD8-D0EE-BAEF-6E88CF346AFC}.Debug|Any CPU.Build.0 = Debug|Any CPU
		{CC1284B7-FBD8-D0EE-BAEF-6E88CF346AFC}.Release|Any CPU.ActiveCfg = Release|Any CPU
		{CC1284B7-FBD8-D0EE-BAEF-6E88CF346AFC}.Release|Any CPU.Build.0 = Release|Any CPU
		{79B80F00-45BE-0ABF-5ED1-0AF8952215F2}.Debug|Any CPU.ActiveCfg = Debug|Any CPU
		{79B80F00-45BE-0ABF-5ED1-0AF8952215F2}.Debug|Any CPU.Build.0 = Debug|Any CPU
		{79B80F00-45BE-0ABF-5ED1-0AF8952215F2}.Release|Any CPU.ActiveCfg = Release|Any CPU
		{79B80F00-45BE-0ABF-5ED1-0AF8952215F2}.Release|Any CPU.Build.0 = Release|Any CPU
		{7483FC98-0A9D-60DB-055D-5670E7B458E7}.Debug|Any CPU.ActiveCfg = Debug|Any CPU
		{7483FC98-0A9D-60DB-055D-5670E7B458E7}.Debug|Any CPU.Build.0 = Debug|Any CPU
		{7483FC98-0A9D-60DB-055D-5670E7B458E7}.Release|Any CPU.ActiveCfg = Release|Any CPU
		{7483FC98-0A9D-60DB-055D-5670E7B458E7}.Release|Any CPU.Build.0 = Release|Any CPU
	EndGlobalSection
	GlobalSection(SolutionProperties) = preSolution
		HideSolutionNode = FALSE
	EndGlobalSection
	GlobalSection(ExtensibilityGlobals) = postSolution
		SolutionGuid = {D742ACF4-D1C0-4AFC-975D-D6833C23702D}
	EndGlobalSection
EndGlobal
